<?xml version="1.0" encoding="utf-8"?>
<Project ToolsVersion="4.0" xmlns="http://schemas.microsoft.com/developer/msbuild/2003">
  <ItemGroup>
    <Filter Include="Source Files">
      <UniqueIdentifier>{4FC737F1-C7A5-4376-A066-2A32D752A2FF}</UniqueIdentifier>
      <Extensions>cpp;c;cc;cxx;def;odl;idl;hpj;bat;asm;asmx</Extensions>
    </Filter>
    <Filter Include="Header Files">
      <UniqueIdentifier>{93995380-89BD-4b04-88EB-625FBE52EBFB}</UniqueIdentifier>
      <Extensions>h;hh;hpp;hxx;hm;inl;inc;xsd</Extensions>
    </Filter>
    <Filter Include="Resource Files">
      <UniqueIdentifier>{67DA6AB6-F800-4c08-8B7A-83BB121AAD01}</UniqueIdentifier>
      <Extensions>rc;ico;cur;bmp;dlg;rc2;rct;bin;rgs;gif;jpg;jpeg;jpe;resx;tiff;tif;png;wav;mfcribbon-ms</Extensions>
    </Filter>
    <Filter Include="Header Files\lexer">
      <UniqueIdentifier>{6fdfef6d-458a-4a60-a256-1c5618096e71}</UniqueIdentifier>
    </Filter>
    <Filter Include="Source Files\lexer">
      <UniqueIdentifier>{f951bf43-beac-4e01-a7ca-fa7c9ffa57cf}</UniqueIdentifier>
    </Filter>
    <Filter Include="Header Files\parser">
      <UniqueIdentifier>{2543d74e-df69-4189-ac9e-c25b60f1a628}</UniqueIdentifier>
    </Filter>
    <Filter Include="Source Files\parser">
      <UniqueIdentifier>{0921fbe8-fbf6-4d4c-83a0-fa61ecbbd92a}</UniqueIdentifier>
    </Filter>
    <Filter Include="Header Files\ast">
      <UniqueIdentifier>{fab1a209-1184-4816-9ba2-43834526bfe3}</UniqueIdentifier>
    </Filter>
    <Filter Include="Source Files\ast">
      <UniqueIdentifier>{95c5e8fe-3da2-426f-a813-b6fa4574c8c2}</UniqueIdentifier>
    </Filter>
  </ItemGroup>
  <ItemGroup>
    <ClInclude Include="stdafx.h">
      <Filter>Header Files</Filter>
    </ClInclude>
    <ClInclude Include="targetver.h">
      <Filter>Header Files</Filter>
    </ClInclude>
    <ClInclude Include="Token.h">
      <Filter>Header Files\lexer</Filter>
    </ClInclude>
    <ClInclude Include="Tokenizer.h">
      <Filter>Header Files\lexer</Filter>
    </ClInclude>
    <ClInclude Include="TokenRegexPattern.h">
      <Filter>Header Files\lexer</Filter>
    </ClInclude>
    <ClInclude Include="TokenPattern.h">
      <Filter>Header Files\lexer</Filter>
    </ClInclude>
    <ClInclude Include="TokenType.h">
      <Filter>Header Files\lexer</Filter>
    </ClInclude>
    <ClInclude Include="Parser.h">
      <Filter>Header Files\parser</Filter>
    </ClInclude>
    <ClInclude Include="Grammar.h">
      <Filter>Header Files\parser</Filter>
    </ClInclude>
    <ClInclude Include="ASTNodeType.h">
      <Filter>Header Files\ast</Filter>
    </ClInclude>
    <ClInclude Include="IASTNode.h">
      <Filter>Header Files\ast</Filter>
    </ClInclude>
    <ClInclude Include="ASTNodeFactory.h">
      <Filter>Header Files\ast</Filter>
    </ClInclude>
    <ClInclude Include="TokenAST.h">
      <Filter>Header Files\ast</Filter>
    </ClInclude>
    <ClInclude Include="BinaryPlusAST.h">
      <Filter>Header Files\ast</Filter>
    </ClInclude>
    <ClInclude Include="ExpressionAST.h">
      <Filter>Header Files\ast</Filter>
    </ClInclude>
    <ClInclude Include="BinaryMulAST.h">
      <Filter>Header Files\ast</Filter>
    </ClInclude>
    <ClInclude Include="BinaryMinusAST.h">
      <Filter>Header Files\ast</Filter>
    </ClInclude>
    <ClInclude Include="BinaryDivAST.h">
      <Filter>Header Files\ast</Filter>
    </ClInclude>
  </ItemGroup>
  <ItemGroup>
    <ClCompile Include="stdafx.cpp">
      <Filter>Source Files</Filter>
    </ClCompile>
    <ClCompile Include="Token.cpp">
      <Filter>Source Files\lexer</Filter>
    </ClCompile>
    <ClCompile Include="Tokenizer.cpp">
      <Filter>Source Files\lexer</Filter>
    </ClCompile>
    <ClCompile Include="TokenPattern.cpp">
      <Filter>Source Files\lexer</Filter>
    </ClCompile>
    <ClCompile Include="TokenPatternProvider.cpp">
      <Filter>Source Files\lexer</Filter>
    </ClCompile>
    <ClCompile Include="TokenRegexPattern.cpp">
      <Filter>Source Files\lexer</Filter>
    </ClCompile>
    <ClCompile Include="TokenType.cpp">
      <Filter>Source Files\lexer</Filter>
    </ClCompile>
    <ClCompile Include="Parser.cpp">
      <Filter>Source Files\parser</Filter>
    </ClCompile>
    <ClCompile Include="Grammar.cpp">
      <Filter>Source Files\parser</Filter>
    </ClCompile>
    <ClCompile Include="ASTNodeFactory.cpp">
      <Filter>Source Files\ast</Filter>
    </ClCompile>
    <ClCompile Include="TokenAST.cpp">
      <Filter>Source Files\ast</Filter>
    </ClCompile>
    <ClCompile Include="BinaryPlusAST.cpp">
      <Filter>Source Files\ast</Filter>
    </ClCompile>
    <ClCompile Include="ExpressionAST.cpp">
      <Filter>Source Files\ast</Filter>
    </ClCompile>
    <ClCompile Include="BinaryMulAST.cpp">
      <Filter>Source Files\ast</Filter>
    </ClCompile>
    <ClCompile Include="BinaryMinusAST.cpp">
      <Filter>Source Files\ast</Filter>
    </ClCompile>
    <ClCompile Include="BinaryDivAST.cpp">
      <Filter>Source Files\ast</Filter>
    </ClCompile>
  </ItemGroup>
</Project>