<?xml version="1.0" encoding="utf-8"?>
<Project ToolsVersion="4.0" xmlns="http://schemas.microsoft.com/developer/msbuild/2003">
  <ItemGroup>
    <Filter Include="system">
      <UniqueIdentifier>{4ce1fcc8-d0ec-403c-8e23-d06b33f422d3}</UniqueIdentifier>
    </Filter>
    <Filter Include="lexer">
      <UniqueIdentifier>{6fdfef6d-458a-4a60-a256-1c5618096e71}</UniqueIdentifier>
    </Filter>
    <Filter Include="parser">
      <UniqueIdentifier>{2543d74e-df69-4189-ac9e-c25b60f1a628}</UniqueIdentifier>
    </Filter>
    <Filter Include="ast">
      <UniqueIdentifier>{fab1a209-1184-4816-9ba2-43834526bfe3}</UniqueIdentifier>
    </Filter>
    <Filter Include="eval">
      <UniqueIdentifier>{97097a5f-c9db-472c-972a-ae32f3ea84df}</UniqueIdentifier>
    </Filter>
    <Filter Include="patterns">
      <UniqueIdentifier>{e3da2ea9-631e-4b6a-aaac-62cef8086734}</UniqueIdentifier>
    </Filter>
  </ItemGroup>
  <ItemGroup>
    <ClInclude Include="Token.h">
      <Filter>lexer</Filter>
    </ClInclude>
    <ClInclude Include="Tokenizer.h">
      <Filter>lexer</Filter>
    </ClInclude>
    <ClInclude Include="TokenRegexPattern.h">
      <Filter>lexer</Filter>
    </ClInclude>
    <ClInclude Include="TokenPattern.h">
      <Filter>lexer</Filter>
    </ClInclude>
    <ClInclude Include="TokenType.h">
      <Filter>lexer</Filter>
    </ClInclude>
    <ClInclude Include="Parser.h">
      <Filter>parser</Filter>
    </ClInclude>
    <ClInclude Include="Grammar.h">
      <Filter>parser</Filter>
    </ClInclude>
    <ClInclude Include="ASTNodeType.h">
      <Filter>ast</Filter>
    </ClInclude>
    <ClInclude Include="IASTNode.h">
      <Filter>ast</Filter>
    </ClInclude>
    <ClInclude Include="ASTNodeFactory.h">
      <Filter>ast</Filter>
    </ClInclude>
    <ClInclude Include="TokenAST.h">
      <Filter>ast</Filter>
    </ClInclude>
    <ClInclude Include="ExpressionAST.h">
      <Filter>ast</Filter>
    </ClInclude>
    <ClInclude Include="stdafx.h">
      <Filter>system</Filter>
    </ClInclude>
    <ClInclude Include="targetver.h">
      <Filter>system</Filter>
    </ClInclude>
    <ClInclude Include="Visitor.h">
      <Filter>patterns</Filter>
    </ClInclude>
    <ClInclude Include="Evaluator.h">
      <Filter>eval</Filter>
    </ClInclude>
    <ClInclude Include="Value.h">
      <Filter>eval</Filter>
    </ClInclude>
    <ClInclude Include="BinaryOperatorAST.h">
      <Filter>ast</Filter>
    </ClInclude>
  </ItemGroup>
  <ItemGroup>
    <ClCompile Include="ASTNodeFactory.cpp">
      <Filter>ast</Filter>
    </ClCompile>
    <ClCompile Include="ExpressionAST.cpp">
      <Filter>ast</Filter>
    </ClCompile>
    <ClCompile Include="TokenAST.cpp">
      <Filter>ast</Filter>
    </ClCompile>
    <ClCompile Include="Token.cpp">
      <Filter>lexer</Filter>
    </ClCompile>
    <ClCompile Include="Tokenizer.cpp">
      <Filter>lexer</Filter>
    </ClCompile>
    <ClCompile Include="TokenPattern.cpp">
      <Filter>lexer</Filter>
    </ClCompile>
    <ClCompile Include="TokenPatternProvider.cpp">
      <Filter>lexer</Filter>
    </ClCompile>
    <ClCompile Include="TokenRegexPattern.cpp">
      <Filter>lexer</Filter>
    </ClCompile>
    <ClCompile Include="TokenType.cpp">
      <Filter>lexer</Filter>
    </ClCompile>
    <ClCompile Include="stdafx.cpp">
      <Filter>system</Filter>
    </ClCompile>
    <ClCompile Include="Grammar.cpp">
      <Filter>parser</Filter>
    </ClCompile>
    <ClCompile Include="Parser.cpp">
      <Filter>parser</Filter>
    </ClCompile>
    <ClCompile Include="Evaluator.cpp">
      <Filter>eval</Filter>
    </ClCompile>
    <ClCompile Include="BinaryOperatorAST.cpp">
      <Filter>ast</Filter>
    </ClCompile>
  </ItemGroup>
</Project>